// !$*UTF8*$!
{
	archiveVersion = 1;
	classes = {
	};
	objectVersion = 46;
	objects = {

/* Begin PBXBuildFile section */
		1BABACFF1BA85926006D31E4 /* AppDelegate.swift in Sources */ = {isa = PBXBuildFile; fileRef = 1BABACFE1BA85926006D31E4 /* AppDelegate.swift */; };
		1BABAD011BA85926006D31E4 /* ViewController.swift in Sources */ = {isa = PBXBuildFile; fileRef = 1BABAD001BA85926006D31E4 /* ViewController.swift */; };
		1BABAD041BA85926006D31E4 /* Main.storyboard in Resources */ = {isa = PBXBuildFile; fileRef = 1BABAD021BA85926006D31E4 /* Main.storyboard */; };
		1BABAD061BA85926006D31E4 /* Images.xcassets in Resources */ = {isa = PBXBuildFile; fileRef = 1BABAD051BA85926006D31E4 /* Images.xcassets */; };
		1BABAD091BA85926006D31E4 /* LaunchScreen.xib in Resources */ = {isa = PBXBuildFile; fileRef = 1BABAD071BA85926006D31E4 /* LaunchScreen.xib */; };
		1BABAD151BA85926006D31E4 /* ApplicationTwoTests.swift in Sources */ = {isa = PBXBuildFile; fileRef = 1BABAD141BA85926006D31E4 /* ApplicationTwoTests.swift */; };
/* End PBXBuildFile section */

/* Begin PBXContainerItemProxy section */
		1BABAD0F1BA85926006D31E4 /* PBXContainerItemProxy */ = {
			isa = PBXContainerItemProxy;
			containerPortal = 1BABACF11BA85926006D31E4 /* Project object */;
			proxyType = 1;
			remoteGlobalIDString = 1BABACF81BA85926006D31E4;
			remoteInfo = ApplicationTwo;
		};
/* End PBXContainerItemProxy section */

/* Begin PBXFileReference section */
		1BABACF91BA85926006D31E4 /* ApplicationTwo.app */ = {isa = PBXFileReference; explicitFileType = wrapper.application; includeInIndex = 0; path = ApplicationTwo.app; sourceTree = BUILT_PRODUCTS_DIR; };
		1BABACFD1BA85926006D31E4 /* Info.plist */ = {isa = PBXFileReference; lastKnownFileType = text.plist.xml; path = Info.plist; sourceTree = "<group>"; };
		1BABACFE1BA85926006D31E4 /* AppDelegate.swift */ = {isa = PBXFileReference; lastKnownFileType = sourcecode.swift; path = AppDelegate.swift; sourceTree = "<group>"; };
		1BABAD001BA85926006D31E4 /* ViewController.swift */ = {isa = PBXFileReference; lastKnownFileType = sourcecode.swift; path = ViewController.swift; sourceTree = "<group>"; };
		1BABAD031BA85926006D31E4 /* Base */ = {isa = PBXFileReference; lastKnownFileType = file.storyboard; name = Base; path = Base.lproj/Main.storyboard; sourceTree = "<group>"; };
		1BABAD051BA85926006D31E4 /* Images.xcassets */ = {isa = PBXFileReference; lastKnownFileType = folder.assetcatalog; path = Images.xcassets; sourceTree = "<group>"; };
		1BABAD081BA85926006D31E4 /* Base */ = {isa = PBXFileReference; lastKnownFileType = file.xib; name = Base; path = Base.lproj/LaunchScreen.xib; sourceTree = "<group>"; };
		1BABAD0E1BA85926006D31E4 /* ApplicationTwoTests.xctest */ = {isa = PBXFileReference; explicitFileType = wrapper.cfbundle; includeInIndex = 0; path = ApplicationTwoTests.xctest; sourceTree = BUILT_PRODUCTS_DIR; };
		1BABAD131BA85926006D31E4 /* Info.plist */ = {isa = PBXFileReference; lastKnownFileType = text.plist.xml; path = Info.plist; sourceTree = "<group>"; };
		1BABAD141BA85926006D31E4 /* ApplicationTwoTests.swift */ = {isa = PBXFileReference; lastKnownFileType = sourcecode.swift; path = ApplicationTwoTests.swift; sourceTree = "<group>"; };
/* End PBXFileReference section */

/* Begin PBXFrameworksBuildPhase section */
		1BABACF61BA85926006D31E4 /* Frameworks */ = {
			isa = PBXFrameworksBuildPhase;
			buildActionMask = 2147483647;
			files = (
			);
			runOnlyForDeploymentPostprocessing = 0;
		};
		1BABAD0B1BA85926006D31E4 /* Frameworks */ = {
			isa = PBXFrameworksBuildPhase;
			buildActionMask = 2147483647;
			files = (
			);
			runOnlyForDeploymentPostprocessing = 0;
		};
/* End PBXFrameworksBuildPhase section */

/* Begin PBXGroup section */
		1BABACF01BA85926006D31E4 = {
			isa = PBXGroup;
			children = (
				1BABACFB1BA85926006D31E4 /* ApplicationTwo */,
				1BABAD111BA85926006D31E4 /* ApplicationTwoTests */,
				1BABACFA1BA85926006D31E4 /* Products */,
			);
			sourceTree = "<group>";
		};
		1BABACFA1BA85926006D31E4 /* Products */ = {
			isa = PBXGroup;
			children = (
				1BABACF91BA85926006D31E4 /* ApplicationTwo.app */,
				1BABAD0E1BA85926006D31E4 /* ApplicationTwoTests.xctest */,
			);
			name = Products;
			sourceTree = "<group>";
		};
		1BABACFB1BA85926006D31E4 /* ApplicationTwo */ = {
			isa = PBXGroup;
			children = (
				1BABACFE1BA85926006D31E4 /* AppDelegate.swift */,
				1BABAD001BA85926006D31E4 /* ViewController.swift */,
				1BABAD021BA85926006D31E4 /* Main.storyboard */,
				1BABAD051BA85926006D31E4 /* Images.xcassets */,
				1BABAD071BA85926006D31E4 /* LaunchScreen.xib */,
				1BABACFC1BA85926006D31E4 /* Supporting Files */,
			);
			path = ApplicationTwo;
			sourceTree = "<group>";
		};
		1BABACFC1BA85926006D31E4 /* Supporting Files */ = {
			isa = PBXGroup;
			children = (
				1BABACFD1BA85926006D31E4 /* Info.plist */,
			);
			name = "Supporting Files";
			sourceTree = "<group>";
		};
		1BABAD111BA85926006D31E4 /* ApplicationTwoTests */ = {
			isa = PBXGroup;
			children = (
				1BABAD141BA85926006D31E4 /* ApplicationTwoTests.swift */,
				1BABAD121BA85926006D31E4 /* Supporting Files */,
			);
			path = ApplicationTwoTests;
			sourceTree = "<group>";
		};
		1BABAD121BA85926006D31E4 /* Supporting Files */ = {
			isa = PBXGroup;
			children = (
				1BABAD131BA85926006D31E4 /* Info.plist */,
			);
			name = "Supporting Files";
			sourceTree = "<group>";
		};
/* End PBXGroup section */

/* Begin PBXNativeTarget section */
		1BABACF81BA85926006D31E4 /* ApplicationTwo */ = {
			isa = PBXNativeTarget;
			buildConfigurationList = 1BABAD181BA85926006D31E4 /* Build configuration list for PBXNativeTarget "ApplicationTwo" */;
			buildPhases = (
				1BABACF51BA85926006D31E4 /* Sources */,
				1BABACF61BA85926006D31E4 /* Frameworks */,
				1BABACF71BA85926006D31E4 /* Resources */,
			);
			buildRules = (
			);
			dependencies = (
			);
			name = ApplicationTwo;
			productName = ApplicationTwo;
			productReference = 1BABACF91BA85926006D31E4 /* ApplicationTwo.app */;
			productType = "com.apple.product-type.application";
		};
		1BABAD0D1BA85926006D31E4 /* ApplicationTwoTests */ = {
			isa = PBXNativeTarget;
			buildConfigurationList = 1BABAD1B1BA85926006D31E4 /* Build configuration list for PBXNativeTarget "ApplicationTwoTests" */;
			buildPhases = (
				1BABAD0A1BA85926006D31E4 /* Sources */,
				1BABAD0B1BA85926006D31E4 /* Frameworks */,
				1BABAD0C1BA85926006D31E4 /* Resources */,
			);
			buildRules = (
			);
			dependencies = (
				1BABAD101BA85926006D31E4 /* PBXTargetDependency */,
			);
			name = ApplicationTwoTests;
			productName = ApplicationTwoTests;
			productReference = 1BABAD0E1BA85926006D31E4 /* ApplicationTwoTests.xctest */;
			productType = "com.apple.product-type.bundle.unit-test";
		};
/* End PBXNativeTarget section */

/* Begin PBXProject section */
		1BABACF11BA85926006D31E4 /* Project object */ = {
			isa = PBXProject;
			attributes = {
				LastSwiftUpdateCheck = 0700;
				LastUpgradeCheck = 0640;
				ORGANIZATIONNAME = GarveyCalvin;
				TargetAttributes = {
					1BABACF81BA85926006D31E4 = {
						CreatedOnToolsVersion = 6.4;
					};
					1BABAD0D1BA85926006D31E4 = {
						CreatedOnToolsVersion = 6.4;
						TestTargetID = 1BABACF81BA85926006D31E4;
					};
				};
			};
			buildConfigurationList = 1BABACF41BA85926006D31E4 /* Build configuration list for PBXProject "ApplicationTwo" */;
			compatibilityVersion = "Xcode 3.2";
			developmentRegion = English;
			hasScannedForEncodings = 0;
			knownRegions = (
				en,
				Base,
			);
			mainGroup = 1BABACF01BA85926006D31E4;
			productRefGroup = 1BABACFA1BA85926006D31E4 /* Products */;
			projectDirPath = "";
			projectRoot = "";
			targets = (
				1BABACF81BA85926006D31E4 /* ApplicationTwo */,
				1BABAD0D1BA85926006D31E4 /* ApplicationTwoTests */,
			);
		};
/* End PBXProject section */

/* Begin PBXResourcesBuildPhase section */
		1BABACF71BA85926006D31E4 /* Resources */ = {
			isa = PBXResourcesBuildPhase;
			buildActionMask = 2147483647;
			files = (
				1BABAD041BA85926006D31E4 /* Main.storyboard in Resources */,
				1BABAD091BA85926006D31E4 /* LaunchScreen.xib in Resources */,
				1BABAD061BA85926006D31E4 /* Images.xcassets in Resources */,
			);
			runOnlyForDeploymentPostprocessing = 0;
		};
		1BABAD0C1BA85926006D31E4 /* Resources */ = {
			isa = PBXResourcesBuildPhase;
			buildActionMask = 2147483647;
			files = (
			);
			runOnlyForDeploymentPostprocessing = 0;
		};
/* End PBXResourcesBuildPhase section */

/* Begin PBXSourcesBuildPhase section */
		1BABACF51BA85926006D31E4 /* Sources */ = {
			isa = PBXSourcesBuildPhase;
			buildActionMask = 2147483647;
			files = (
				1BABAD011BA85926006D31E4 /* ViewController.swift in Sources */,
				1BABACFF1BA85926006D31E4 /* AppDelegate.swift in Sources */,
			);
			runOnlyForDeploymentPostprocessing = 0;
		};
		1BABAD0A1BA85926006D31E4 /* Sources */ = {
			isa = PBXSourcesBuildPhase;
			buildActionMask = 2147483647;
			files = (
				1BABAD151BA85926006D31E4 /* ApplicationTwoTests.swift in Sources */,
			);
			runOnlyForDeploymentPostprocessing = 0;
		};
/* End PBXSourcesBuildPhase section */

/* Begin PBXTargetDependency section */
		1BABAD101BA85926006D31E4 /* PBXTargetDependency */ = {
			isa = PBXTargetDependency;
			target = 1BABACF81BA85926006D31E4 /* ApplicationTwo */;
			targetProxy = 1BABAD0F1BA85926006D31E4 /* PBXContainerItemProxy */;
		};
/* End PBXTargetDependency section */

/* Begin PBXVariantGroup section */
		1BABAD021BA85926006D31E4 /* Main.storyboard */ = {
			isa = PBXVariantGroup;
			children = (
				1BABAD031BA85926006D31E4 /* Base */,
			);
			name = Main.storyboard;
			sourceTree = "<group>";
		};
		1BABAD071BA85926006D31E4 /* LaunchScreen.xib */ = {
			isa = PBXVariantGroup;
			children = (
				1BABAD081BA85926006D31E4 /* Base */,
			);
			name = LaunchScreen.xib;
			sourceTree = "<group>";
		};
/* End PBXVariantGroup section */

/* Begin XCBuildConfiguration section */
		1BABAD161BA85926006D31E4 /* Debug */ = {
			isa = XCBuildConfiguration;
			buildSettings = {
				ALWAYS_SEARCH_USER_PATHS = NO;
				CLANG_CXX_LANGUAGE_STANDARD = "gnu++0x";
				CLANG_CXX_LIBRARY = "libc++";
				CLANG_ENABLE_MODULES = YES;
				CLANG_ENABLE_OBJC_ARC = YES;
				CLANG_WARN_BOOL_CONVERSION = YES;
				CLANG_WARN_CONSTANT_CONVERSION = YES;
				CLANG_WARN_DIRECT_OBJC_ISA_USAGE = YES_ERROR;
				CLANG_WARN_EMPTY_BODY = YES;
				CLANG_WARN_ENUM_CONVERSION = YES;
				CLANG_WARN_INT_CONVERSION = YES;
				CLANG_WARN_OBJC_ROOT_CLASS = YES_ERROR;
				CLANG_WARN_UNREACHABLE_CODE = YES;
				CLANG_WARN__DUPLICATE_METHOD_MATCH = YES;
				"CODE_SIGN_IDENTITY[sdk=iphoneos*]" = "iPhone Developer";
				COPY_PHASE_STRIP = NO;
				DEBUG_INFORMATION_FORMAT = "dwarf-with-dsym";
				ENABLE_STRICT_OBJC_MSGSEND = YES;
				GCC_C_LANGUAGE_STANDARD = gnu99;
				GCC_DYNAMIC_NO_PIC = NO;
				GCC_NO_COMMON_BLOCKS = YES;
				GCC_OPTIMIZATION_LEVEL = 0;
				GCC_PREPROCESSOR_DEFINITIONS = (
					"DEBUG=1",
					"$(inherited)",
				);
				GCC_SYMBOLS_PRIVATE_EXTERN = NO;
				GCC_WARN_64_TO_32_BIT_CONVERSION = YES;
				GCC_WARN_ABOUT_RETURN_TYPE = YES_ERROR;
				GCC_WARN_UNDECLARED_SELECTOR = YES;
				GCC_WARN_UNINITIALIZED_AUTOS = YES_AGGRESSIVE;
				GCC_WARN_UNUSED_FUNCTION = YES;
				GCC_WARN_UNUSED_VARIABLE = YES;
				IPHONEOS_DEPLOYMENT_TARGET = 8.4;
				MTL_ENABLE_DEBUG_INFO = YES;
				ONLY_ACTIVE_ARCH = YES;
				SDKROOT = iphoneos;
				SWIFT_OPTIMIZATION_LEVEL = "-Onone";
				TARGETED_DEVICE_FAMILY = "1,2";
			};
			name = Debug;
		};
		1BABAD171BA85926006D31E4 /* Release */ = {
			isa = XCBuildConfiguration;
			buildSettings = {
				ALWAYS_SEARCH_USER_PATHS = NO;
				CLANG_CXX_LANGUAGE_STANDARD = "gnu++0x";
				CLANG_CXX_LIBRARY = "libc++";
				CLANG_ENABLE_MODULES = YES;
				CLANG_ENABLE_OBJC_ARC = YES;
				CLANG_WARN_BOOL_CONVERSION = YES;
				CLANG_WARN_CONSTANT_CONVERSION = YES;
				CLANG_WARN_DIRECT_OBJC_ISA_USAGE = YES_ERROR;
				CLANG_WARN_EMPTY_BODY = YES;
				CLANG_WARN_ENUM_CONVERSION = YES;
				CLANG_WARN_INT_CONVERSION = YES;
				CLANG_WARN_OBJC_ROOT_CLASS = YES_ERROR;
				CLANG_WARN_UNREACHABLE_CODE = YES;
				CLANG_WARN__DUPLICATE_METHOD_MATCH = YES;
				"CODE_SIGN_IDENTITY[sdk=iphoneos*]" = "iPhone Developer";
				COPY_PHASE_STRIP = NO;
				DEBUG_INFORMATION_FORMAT = "dwarf-with-dsym";
				ENABLE_NS_ASSERTIONS = NO;
				ENABLE_STRICT_OBJC_MSGSEND = YES;
				GCC_C_LANGUAGE_STANDARD = gnu99;
				GCC_NO_COMMON_BLOCKS = YES;
				GCC_WARN_64_TO_32_BIT_CONVERSION = YES;
				GCC_WARN_ABOUT_RETURN_TYPE = YES_ERROR;
				GCC_WARN_UNDECLARED_SELECTOR = YES;
				GCC_WARN_UNINITIALIZED_AUTOS = YES_AGGRESSIVE;
				GCC_WARN_UNUSED_FUNCTION = YES;
				GCC_WARN_UNUSED_VARIABLE = YES;
				IPHONEOS_DEPLOYMENT_TARGET = 8.4;
				MTL_ENABLE_DEBUG_INFO = NO;
				SDKROOT = iphoneos;
				TARGETED_DEVICE_FAMILY = "1,2";
				VALIDATE_PRODUCT = YES;
			};
			name = Release;
		};
		1BABAD191BA85926006D31E4 /* Debug */ = {
			isa = XCBuildConfiguration;
			buildSettings = {
				ASSETCATALOG_COMPILER_APPICON_NAME = AppIcon;
				INFOPLIST_FILE = ApplicationTwo/Info.plist;
				IPHONEOS_DEPLOYMENT_TARGET = 7.0;
				LD_RUNPATH_SEARCH_PATHS = "$(inherited) @executable_path/Frameworks";
				PRODUCT_NAME = "$(TARGET_NAME)";
			};
			name = Debug;
		};
		1BABAD1A1BA85926006D31E4 /* Release */ = {
			isa = XCBuildConfiguration;
			buildSettings = {
				ASSETCATALOG_COMPILER_APPICON_NAME = AppIcon;
				INFOPLIST_FILE = ApplicationTwo/Info.plist;
				IPHONEOS_DEPLOYMENT_TARGET = 7.0;
				LD_RUNPATH_SEARCH_PATHS = "$(inherited) @executable_path/Frameworks";
				PRODUCT_NAME = "$(TARGET_NAME)";
			};
			name = Release;
		};
		1BABAD1C1BA85926006D31E4 /* Debug */ = {
			isa = XCBuildConfiguration;
			buildSettings = {
				BUNDLE_LOADER = "$(TEST_HOST)";
				FRAMEWORK_SEARCH_PATHS = (
					"$(SDKROOT)/Developer/Library/Frameworks",
					"$(inherited)",
				);
				GCC_PREPROCESSOR_DEFINITIONS = (
					"DEBUG=1",
					"$(inherited)",
				);
				INFOPLIST_FILE = ApplicationTwoTests/Info.plist;
				LD_RUNPATH_SEARCH_PATHS = "$(inherited) @executable_path/Frameworks @loader_path/Frameworks";
				PRODUCT_NAME = "$(TARGET_NAME)";
				TEST_HOST = "$(BUILT_PRODUCTS_DIR)/ApplicationTwo.app/ApplicationTwo";
			};
			name = Debug;
		};
		1BABAD1D1BA85926006D31E4 /* Release */ = {
			isa = XCBuildConfiguration;
			buildSettings = {
				BUNDLE_LOADER = "$(TEST_HOST)";
				FRAMEWORK_SEARCH_PATHS = (
					"$(SDKROOT)/Developer/Library/Frameworks",
					"$(inherited)",
				);
				INFOPLIST_FILE = ApplicationTwoTests/Info.plist;
				LD_RUNPATH_SEARCH_PATHS = "$(inherited) @executable_path/Frameworks @loader_path/Frameworks";
				PRODUCT_NAME = "$(TARGET_NAME)";
				TEST_HOST = "$(BUILT_PRODUCTS_DIR)/ApplicationTwo.app/ApplicationTwo";
			};
			name = Release;
		};
/* End XCBuildConfiguration section */

/* Begin XCConfigurationList section */
		1BABACF41BA85926006D31E4 /* Build configuration list for PBXProject "ApplicationTwo" */ = {
			isa = XCConfigurationList;
			buildConfigurations = (
				1BABAD161BA85926006D31E4 /* Debug */,
				1BABAD171BA85926006D31E4 /* Release */,
			);
			defaultConfigurationIsVisible = 0;
			defaultConfigurationName = Release;
		};
		1BABAD181BA85926006D31E4 /* Build configuration list for PBXNativeTarget "ApplicationTwo" */ = {
			isa = XCConfigurationList;
			buildConfigurations = (
				1BABAD191BA85926006D31E4 /* Debug */,
				1BABAD1A1BA85926006D31E4 /* Release */,
			);
			defaultConfigurationIsVisible = 0;
			defaultConfigurationName = Release;
		};
		1BABAD1B1BA85926006D31E4 /* Build configuration list for PBXNativeTarget "ApplicationTwoTests" */ = {
			isa = XCConfigurationList;
			buildConfigurations = (
				1BABAD1C1BA85926006D31E4 /* Debug */,
				1BABAD1D1BA85926006D31E4 /* Release */,
			);
			defaultConfigurationIsVisible = 0;
			defaultConfigurationName = Release;
		};
/* End XCConfigurationList section */
	};
	rootObject = 1BABACF11BA85926006D31E4 /* Project object */;
}
